
Microsoft Visual Studio Solution File, Format Version 12.00
# Visual Studio Version 16
VisualStudioVersion = 16.0.30225.117
MinimumVisualStudioVersion = 10.0.40219.1
Project("{FAE04EC0-301F-11D3-BF4B-00C04F79EFBC}") = "ClassPractice", "ClassPractice\ClassPractice.csproj", "{E0E25FAB-FD15-42F8-AB6C-631E42BD327A}"
EndProject
Global
	GlobalSection(SolutionConfigurationPlatforms) = preSolution
		Debug|Any CPU = Debug|Any CPU
		Release|Any CPU = Release|Any CPU
	EndGlobalSection
	GlobalSection(ProjectConfigurationPlatforms) = postSolution
		{E0E25FAB-FD15-42F8-AB6C-631E42BD327A}.Debug|Any CPU.ActiveCfg = Debug|Any CPU
		{E0E25FAB-FD15-42F8-AB6C-631E42BD327A}.Debug|Any CPU.Build.0 = Debug|Any CPU
		{E0E25FAB-FD15-42F8-AB6C-631E42BD327A}.Release|Any CPU.ActiveCfg = Release|Any CPU
		{E0E25FAB-FD15-42F8-AB6C-631E42BD327A}.Release|Any CPU.Build.0 = Release|Any CPU
	EndGlobalSection
	GlobalSection(SolutionProperties) = preSolution
		HideSolutionNode = FALSE
	EndGlobalSection
	GlobalSection(ExtensibilityGlobals) = postSolution
		SolutionGuid = {79B1A613-4389-430A-973F-72BD24735638}
	EndGlobalSection
EndGlobal
